
Microsoft Visual Studio Solution File, Format Version 12.00
# Visual Studio Version 17
VisualStudioVersion = 17.14.36414.22
MinimumVisualStudioVersion = 10.0.40219.1
Project("{FAE04EC0-301F-11D3-BF4B-00C04F79EFBC}") = "WebApplication1", "WebApplication1\WebApplication1.csproj", "{1E6B6B7C-2433-4A66-B3B2-3A62D49B87D3}"
	ProjectSection(ProjectDependencies) = postProject
		{C71641F1-B87B-43F3-99D7-C3C3845617B9} = {C71641F1-B87B-43F3-99D7-C3C3845617B9}
	EndProjectSection
EndProject
Project("{FAE04EC0-301F-11D3-BF4B-00C04F79EFBC}") = "WcfService1", "WcfService1\WcfService1.csproj", "{C71641F1-B87B-43F3-99D7-C3C3845617B9}"
EndProject
Project("{FAE04EC0-301F-11D3-BF4B-00C04F79EFBC}") = "LocalComponents", "LocalComponents\LocalComponents.csproj", "{16DFCAFD-7052-AD5F-50CA-9ED72B8D6642}"
EndProject
Global
	GlobalSection(SolutionConfigurationPlatforms) = preSolution
		Debug|Any CPU = Debug|Any CPU
		Release|Any CPU = Release|Any CPU
	EndGlobalSection
	GlobalSection(ProjectConfigurationPlatforms) = postSolution
		{1E6B6B7C-2433-4A66-B3B2-3A62D49B87D3}.Debug|Any CPU.ActiveCfg = Debug|Any CPU
		{1E6B6B7C-2433-4A66-B3B2-3A62D49B87D3}.Debug|Any CPU.Build.0 = Debug|Any CPU
		{1E6B6B7C-2433-4A66-B3B2-3A62D49B87D3}.Release|Any CPU.ActiveCfg = Release|Any CPU
		{1E6B6B7C-2433-4A66-B3B2-3A62D49B87D3}.Release|Any CPU.Build.0 = Release|Any CPU
		{C71641F1-B87B-43F3-99D7-C3C3845617B9}.Debug|Any CPU.ActiveCfg = Debug|Any CPU
		{C71641F1-B87B-43F3-99D7-C3C3845617B9}.Debug|Any CPU.Build.0 = Debug|Any CPU
		{C71641F1-B87B-43F3-99D7-C3C3845617B9}.Release|Any CPU.ActiveCfg = Release|Any CPU
		{C71641F1-B87B-43F3-99D7-C3C3845617B9}.Release|Any CPU.Build.0 = Release|Any CPU
		{16DFCAFD-7052-AD5F-50CA-9ED72B8D6642}.Debug|Any CPU.ActiveCfg = Debug|Any CPU
		{16DFCAFD-7052-AD5F-50CA-9ED72B8D6642}.Debug|Any CPU.Build.0 = Debug|Any CPU
		{16DFCAFD-7052-AD5F-50CA-9ED72B8D6642}.Release|Any CPU.ActiveCfg = Release|Any CPU
		{16DFCAFD-7052-AD5F-50CA-9ED72B8D6642}.Release|Any CPU.Build.0 = Release|Any CPU
	EndGlobalSection
	GlobalSection(SolutionProperties) = preSolution
		HideSolutionNode = FALSE
	EndGlobalSection
	GlobalSection(ExtensibilityGlobals) = postSolution
		SolutionGuid = {EB06C788-E01C-4BAA-861B-58E390D0EEB4}
	EndGlobalSection
EndGlobal
